
Microsoft Visual Studio Solution File, Format Version 11.00
# Visual Studio 2010
Project("{FAE04EC0-301F-11D3-BF4B-00C04F79EFBC}") = "Blitzschutz Rechner", "Blitzschutz Rechner\Blitzschutz Rechner.csproj", "{B35DB8B6-06DB-4542-80A9-AF4CB5722868}"
EndProject
Global
	GlobalSection(SolutionConfigurationPlatforms) = preSolution
		Debug|x86 = Debug|x86
		Release|x86 = Release|x86
	EndGlobalSection
	GlobalSection(ProjectConfigurationPlatforms) = postSolution
		{B35DB8B6-06DB-4542-80A9-AF4CB5722868}.Debug|x86.ActiveCfg = Debug|x86
		{B35DB8B6-06DB-4542-80A9-AF4CB5722868}.Debug|x86.Build.0 = Debug|x86
		{B35DB8B6-06DB-4542-80A9-AF4CB5722868}.Release|x86.ActiveCfg = Release|x86
		{B35DB8B6-06DB-4542-80A9-AF4CB5722868}.Release|x86.Build.0 = Release|x86
	EndGlobalSection
	GlobalSection(SolutionProperties) = preSolution
		HideSolutionNode = FALSE
	EndGlobalSection
EndGlobal
